PODS:
  - CommonSDImage (0.1.0)
  - FBSnapshotTestCase (2.1.4):
    - FBSnapshotTestCase/SwiftSupport (= 2.1.4)
  - FBSnapshotTestCase/Core (2.1.4)
  - FBSnapshotTestCase/SwiftSupport (2.1.4):
    - FBSnapshotTestCase/Core

DEPENDENCIES:
  - CommonSDImage (from `../`)
  - FBSnapshotTestCase

SPEC REPOS:
  trunk:
    - FBSnapshotTestCase

EXTERNAL SOURCES:
  CommonSDImage:
    :path: "../"

SPEC CHECKSUMS:
  CommonSDImage: 891291920a300a0d3f9ba9fb31bcb09a8df9a362
  FBSnapshotTestCase: 094f9f314decbabe373b87cc339bea235a63e07a

PODFILE CHECKSUM: e833a8817aaa900e79d45baa74923e555f415e16

COCOAPODS: 1.8.4
